// !$*UTF8*$!
{
	archiveVersion = 1;
	classes = {
	};
	objectVersion = 46;
	objects = {

/* Begin PBXBuildFile section */
		B30D0A35153970AB00431D7A /* UIKit.framework in Frameworks */ = {isa = PBXBuildFile; fileRef = B30D0A34153970AB00431D7A /* UIKit.framework */; };
		B30D0A37153970AB00431D7A /* Foundation.framework in Frameworks */ = {isa = PBXBuildFile; fileRef = B30D0A36153970AB00431D7A /* Foundation.framework */; };
		B30D0A39153970AB00431D7A /* CoreGraphics.framework in Frameworks */ = {isa = PBXBuildFile; fileRef = B30D0A38153970AB00431D7A /* CoreGraphics.framework */; };
		B30D0A3F153970AB00431D7A /* InfoPlist.strings in Resources */ = {isa = PBXBuildFile; fileRef = B30D0A3D153970AB00431D7A /* InfoPlist.strings */; };
		B30D0A41153970AB00431D7A /* main.m in Sources */ = {isa = PBXBuildFile; fileRef = B30D0A40153970AB00431D7A /* main.m */; };
		B30D0A45153970AB00431D7A /* FlickrBrowserAppDelegate.m in Sources */ = {isa = PBXBuildFile; fileRef = B30D0A44153970AB00431D7A /* FlickrBrowserAppDelegate.m */; };
		B30D0A48153970AB00431D7A /* MainStoryboard_iPhone.storyboard in Resources */ = {isa = PBXBuildFile; fileRef = B30D0A46153970AB00431D7A /* MainStoryboard_iPhone.storyboard */; };
		B30D0A4B153970AB00431D7A /* MainStoryboard_iPad.storyboard in Resources */ = {isa = PBXBuildFile; fileRef = B30D0A49153970AB00431D7A /* MainStoryboard_iPad.storyboard */; };
		B30D0A55153970AB00431D7A /* RecentsTableViewController.m in Sources */ = {isa = PBXBuildFile; fileRef = B30D0A54153970AB00431D7A /* RecentsTableViewController.m */; };
		B30D0A57153970AB00431D7A /* square.png in Resources */ = {isa = PBXBuildFile; fileRef = B30D0A56153970AB00431D7A /* square.png */; };
		B30D0A59153970AB00431D7A /* square@2x.png in Resources */ = {isa = PBXBuildFile; fileRef = B30D0A58153970AB00431D7A /* square@2x.png */; };
		B30D0A94153978BC00431D7A /* FlickrFetcher.m in Sources */ = {isa = PBXBuildFile; fileRef = B30D0A93153978BC00431D7A /* FlickrFetcher.m */; };
		B30D0AA31539A4DB00431D7A /* PlaceTableViewController.m in Sources */ = {isa = PBXBuildFile; fileRef = B30D0AA21539A4DB00431D7A /* PlaceTableViewController.m */; };
		B30D0AA61539B3C300431D7A /* PhotoTableViewController.m in Sources */ = {isa = PBXBuildFile; fileRef = B30D0AA51539B3C300431D7A /* PhotoTableViewController.m */; };
		B343A3351539BEC900BBFC98 /* GeneralTableViewController.m in Sources */ = {isa = PBXBuildFile; fileRef = B343A3341539BEC900BBFC98 /* GeneralTableViewController.m */; };
		B343A3471539D04100BBFC98 /* PhotoViewController.m in Sources */ = {isa = PBXBuildFile; fileRef = B343A3461539D04100BBFC98 /* PhotoViewController.m */; };
		B3739B69155963C100665165 /* VacationStaticTableViewController.m in Sources */ = {isa = PBXBuildFile; fileRef = B3739B68155963C100665165 /* VacationStaticTableViewController.m */; };
		B3739B6B155969AD00665165 /* VacationPlaceTableViewController.m in Sources */ = {isa = PBXBuildFile; fileRef = B3DFF20F155961C2006D8247 /* VacationPlaceTableViewController.m */; };
		B3739B6C15596A3700665165 /* CoreDataTableViewController.m in Sources */ = {isa = PBXBuildFile; fileRef = B3DFF1C11557A03B006D8247 /* CoreDataTableViewController.m */; };
		B3739B6F15596EA500665165 /* VacationPhotoTableViewController.m in Sources */ = {isa = PBXBuildFile; fileRef = B3739B6E15596EA500665165 /* VacationPhotoTableViewController.m */; };
		B3739B7E155971E100665165 /* Vacation+Create.m in Sources */ = {isa = PBXBuildFile; fileRef = B3739B7D155971E100665165 /* Vacation+Create.m */; };
		B3739B8D155977AF00665165 /* VacationTagTableViewController.m in Sources */ = {isa = PBXBuildFile; fileRef = B3739B8C155977AF00665165 /* VacationTagTableViewController.m */; };
		B39D3CAE154FA0BE0018ED6F /* MapViewController.m in Sources */ = {isa = PBXBuildFile; fileRef = B39D3CAD154FA0BE0018ED6F /* MapViewController.m */; };
		B39D3CB1154FAA7B0018ED6F /* CoreLocation.framework in Frameworks */ = {isa = PBXBuildFile; fileRef = B39D3CB0154FAA7B0018ED6F /* CoreLocation.framework */; };
		B39D3CB3154FAA820018ED6F /* MapKit.framework in Frameworks */ = {isa = PBXBuildFile; fileRef = B39D3CB2154FAA820018ED6F /* MapKit.framework */; };
		B39D3CBD154FDC440018ED6F /* PhotoAnnotation.m in Sources */ = {isa = PBXBuildFile; fileRef = B39D3CBC154FDC440018ED6F /* PhotoAnnotation.m */; };
		B39D3CC0154FDEFE0018ED6F /* PlaceAnnotation.m in Sources */ = {isa = PBXBuildFile; fileRef = B39D3CBF154FDEFD0018ED6F /* PlaceAnnotation.m */; };
		B3DFF1BE1557A01A006D8247 /* Model.xcdatamodeld in Sources */ = {isa = PBXBuildFile; fileRef = B3DFF1BC1557A01A006D8247 /* Model.xcdatamodeld */; };
		B3DFF1E6155809CE006D8247 /* Place+Create.m in Sources */ = {isa = PBXBuildFile; fileRef = B3DFF1E5155809CE006D8247 /* Place+Create.m */; };
		B3DFF1E915580CF5006D8247 /* VacationHelper.m in Sources */ = {isa = PBXBuildFile; fileRef = B3DFF1E815580CF5006D8247 /* VacationHelper.m */; };
		B3DFF1EB155816BC006D8247 /* CoreData.framework in Frameworks */ = {isa = PBXBuildFile; fileRef = B3DFF1EA155816BC006D8247 /* CoreData.framework */; };
		B3DFF1EE15582048006D8247 /* Photo+Flickr.m in Sources */ = {isa = PBXBuildFile; fileRef = B3DFF1ED15582048006D8247 /* Photo+Flickr.m */; };
		B3DFF1F1155823D5006D8247 /* Tag+Create.m in Sources */ = {isa = PBXBuildFile; fileRef = B3DFF1F0155823D5006D8247 /* Tag+Create.m */; };
		B3DFF20615582C89006D8247 /* VacationsTableViewController.m in Sources */ = {isa = PBXBuildFile; fileRef = B3DFF20515582C89006D8247 /* VacationsTableViewController.m */; };
		B3EC38761560A3610040EDA2 /* Vacation.m in Sources */ = {isa = PBXBuildFile; fileRef = B3EC38751560A3610040EDA2 /* Vacation.m */; };
		B3EC387A1560A3610040EDA2 /* Photo.m in Sources */ = {isa = PBXBuildFile; fileRef = B3EC38791560A3610040EDA2 /* Photo.m */; };
		B3EC387D1560A3610040EDA2 /* Place.m in Sources */ = {isa = PBXBuildFile; fileRef = B3EC387C1560A3610040EDA2 /* Place.m */; };
		B3EC38801560A3610040EDA2 /* Tag.m in Sources */ = {isa = PBXBuildFile; fileRef = B3EC387F1560A3610040EDA2 /* Tag.m */; };
		B3F1B71F154DA424000FC635 /* PhotoAtPlaceTableViewController.m in Sources */ = {isa = PBXBuildFile; fileRef = B3F1B71E154DA424000FC635 /* PhotoAtPlaceTableViewController.m */; };
		B3F1B72C154EEE07000FC635 /* PhotoCache.m in Sources */ = {isa = PBXBuildFile; fileRef = B3F1B72B154EEE07000FC635 /* PhotoCache.m */; };
/* End PBXBuildFile section */

/* Begin PBXFileReference section */
		B30D0A30153970AB00431D7A /* FlickrBrowser.app */ = {isa = PBXFileReference; explicitFileType = wrapper.application; includeInIndex = 0; path = FlickrBrowser.app; sourceTree = BUILT_PRODUCTS_DIR; };
		B30D0A34153970AB00431D7A /* UIKit.framework */ = {isa = PBXFileReference; lastKnownFileType = wrapper.framework; name = UIKit.framework; path = System/Library/Frameworks/UIKit.framework; sourceTree = SDKROOT; };
		B30D0A36153970AB00431D7A /* Foundation.framework */ = {isa = PBXFileReference; lastKnownFileType = wrapper.framework; name = Foundation.framework; path = System/Library/Frameworks/Foundation.framework; sourceTree = SDKROOT; };
		B30D0A38153970AB00431D7A /* CoreGraphics.framework */ = {isa = PBXFileReference; lastKnownFileType = wrapper.framework; name = CoreGraphics.framework; path = System/Library/Frameworks/CoreGraphics.framework; sourceTree = SDKROOT; };
		B30D0A3C153970AB00431D7A /* FlickrBrowser-Info.plist */ = {isa = PBXFileReference; lastKnownFileType = text.plist.xml; path = "FlickrBrowser-Info.plist"; sourceTree = "<group>"; };
		B30D0A3E153970AB00431D7A /* en */ = {isa = PBXFileReference; lastKnownFileType = text.plist.strings; name = en; path = en.lproj/InfoPlist.strings; sourceTree = "<group>"; };
		B30D0A40153970AB00431D7A /* main.m */ = {isa = PBXFileReference; lastKnownFileType = sourcecode.c.objc; path = main.m; sourceTree = "<group>"; };
		B30D0A42153970AB00431D7A /* FlickrBrowser-Prefix.pch */ = {isa = PBXFileReference; lastKnownFileType = sourcecode.c.h; path = "FlickrBrowser-Prefix.pch"; sourceTree = "<group>"; };
		B30D0A43153970AB00431D7A /* FlickrBrowserAppDelegate.h */ = {isa = PBXFileReference; lastKnownFileType = sourcecode.c.h; path = FlickrBrowserAppDelegate.h; sourceTree = "<group>"; };
		B30D0A44153970AB00431D7A /* FlickrBrowserAppDelegate.m */ = {isa = PBXFileReference; lastKnownFileType = sourcecode.c.objc; path = FlickrBrowserAppDelegate.m; sourceTree = "<group>"; };
		B30D0A47153970AB00431D7A /* en */ = {isa = PBXFileReference; lastKnownFileType = file.storyboard; name = en; path = en.lproj/MainStoryboard_iPhone.storyboard; sourceTree = "<group>"; };
		B30D0A4A153970AB00431D7A /* en */ = {isa = PBXFileReference; lastKnownFileType = file.storyboard; name = en; path = en.lproj/MainStoryboard_iPad.storyboard; sourceTree = "<group>"; };
		B30D0A53153970AB00431D7A /* RecentsTableViewController.h */ = {isa = PBXFileReference; lastKnownFileType = sourcecode.c.h; path = RecentsTableViewController.h; sourceTree = "<group>"; };
		B30D0A54153970AB00431D7A /* RecentsTableViewController.m */ = {isa = PBXFileReference; lastKnownFileType = sourcecode.c.objc; path = RecentsTableViewController.m; sourceTree = "<group>"; };
		B30D0A56153970AB00431D7A /* square.png */ = {isa = PBXFileReference; lastKnownFileType = image.png; path = square.png; sourceTree = "<group>"; };
		B30D0A58153970AB00431D7A /* square@2x.png */ = {isa = PBXFileReference; lastKnownFileType = image.png; path = "square@2x.png"; sourceTree = "<group>"; };
		B30D0A91153978BC00431D7A /* FlickrAPIKey.h */ = {isa = PBXFileReference; fileEncoding = 4; lastKnownFileType = sourcecode.c.h; path = FlickrAPIKey.h; sourceTree = "<group>"; };
		B30D0A92153978BC00431D7A /* FlickrFetcher.h */ = {isa = PBXFileReference; fileEncoding = 4; lastKnownFileType = sourcecode.c.h; path = FlickrFetcher.h; sourceTree = "<group>"; };
		B30D0A93153978BC00431D7A /* FlickrFetcher.m */ = {isa = PBXFileReference; fileEncoding = 4; lastKnownFileType = sourcecode.c.objc; path = FlickrFetcher.m; sourceTree = "<group>"; };
		B30D0AA11539A4DB00431D7A /* PlaceTableViewController.h */ = {isa = PBXFileReference; fileEncoding = 4; lastKnownFileType = sourcecode.c.h; path = PlaceTableViewController.h; sourceTree = "<group>"; };
		B30D0AA21539A4DB00431D7A /* PlaceTableViewController.m */ = {isa = PBXFileReference; fileEncoding = 4; lastKnownFileType = sourcecode.c.objc; path = PlaceTableViewController.m; sourceTree = "<group>"; };
		B30D0AA41539B3C300431D7A /* PhotoTableViewController.h */ = {isa = PBXFileReference; fileEncoding = 4; lastKnownFileType = sourcecode.c.h; path = PhotoTableViewController.h; sourceTree = "<group>"; };
		B30D0AA51539B3C300431D7A /* PhotoTableViewController.m */ = {isa = PBXFileReference; fileEncoding = 4; lastKnownFileType = sourcecode.c.objc; path = PhotoTableViewController.m; sourceTree = "<group>"; };
		B343A3331539BEC900BBFC98 /* GeneralTableViewController.h */ = {isa = PBXFileReference; fileEncoding = 4; lastKnownFileType = sourcecode.c.h; path = GeneralTableViewController.h; sourceTree = "<group>"; };
		B343A3341539BEC900BBFC98 /* GeneralTableViewController.m */ = {isa = PBXFileReference; fileEncoding = 4; lastKnownFileType = sourcecode.c.objc; path = GeneralTableViewController.m; sourceTree = "<group>"; };
		B343A3451539D04100BBFC98 /* PhotoViewController.h */ = {isa = PBXFileReference; fileEncoding = 4; lastKnownFileType = sourcecode.c.h; path = PhotoViewController.h; sourceTree = "<group>"; };
		B343A3461539D04100BBFC98 /* PhotoViewController.m */ = {isa = PBXFileReference; fileEncoding = 4; lastKnownFileType = sourcecode.c.objc; path = PhotoViewController.m; sourceTree = "<group>"; };
		B3739B67155963C100665165 /* VacationStaticTableViewController.h */ = {isa = PBXFileReference; fileEncoding = 4; lastKnownFileType = sourcecode.c.h; path = VacationStaticTableViewController.h; sourceTree = "<group>"; };
		B3739B68155963C100665165 /* VacationStaticTableViewController.m */ = {isa = PBXFileReference; fileEncoding = 4; lastKnownFileType = sourcecode.c.objc; path = VacationStaticTableViewController.m; sourceTree = "<group>"; };
		B3739B6D15596EA500665165 /* VacationPhotoTableViewController.h */ = {isa = PBXFileReference; fileEncoding = 4; lastKnownFileType = sourcecode.c.h; path = VacationPhotoTableViewController.h; sourceTree = "<group>"; };
		B3739B6E15596EA500665165 /* VacationPhotoTableViewController.m */ = {isa = PBXFileReference; fileEncoding = 4; lastKnownFileType = sourcecode.c.objc; path = VacationPhotoTableViewController.m; sourceTree = "<group>"; };
		B3739B7C155971E100665165 /* Vacation+Create.h */ = {isa = PBXFileReference; fileEncoding = 4; lastKnownFileType = sourcecode.c.h; path = "Vacation+Create.h"; sourceTree = "<group>"; };
		B3739B7D155971E100665165 /* Vacation+Create.m */ = {isa = PBXFileReference; fileEncoding = 4; lastKnownFileType = sourcecode.c.objc; path = "Vacation+Create.m"; sourceTree = "<group>"; };
		B3739B8B155977AF00665165 /* VacationTagTableViewController.h */ = {isa = PBXFileReference; fileEncoding = 4; lastKnownFileType = sourcecode.c.h; path = VacationTagTableViewController.h; sourceTree = "<group>"; };
		B3739B8C155977AF00665165 /* VacationTagTableViewController.m */ = {isa = PBXFileReference; fileEncoding = 4; lastKnownFileType = sourcecode.c.objc; path = VacationTagTableViewController.m; sourceTree = "<group>"; };
		B39D3CAC154FA0BE0018ED6F /* MapViewController.h */ = {isa = PBXFileReference; fileEncoding = 4; lastKnownFileType = sourcecode.c.h; path = MapViewController.h; sourceTree = "<group>"; };
		B39D3CAD154FA0BE0018ED6F /* MapViewController.m */ = {isa = PBXFileReference; fileEncoding = 4; lastKnownFileType = sourcecode.c.objc; path = MapViewController.m; sourceTree = "<group>"; };
		B39D3CB0154FAA7B0018ED6F /* CoreLocation.framework */ = {isa = PBXFileReference; lastKnownFileType = wrapper.framework; name = CoreLocation.framework; path = System/Library/Frameworks/CoreLocation.framework; sourceTree = SDKROOT; };
		B39D3CB2154FAA820018ED6F /* MapKit.framework */ = {isa = PBXFileReference; lastKnownFileType = wrapper.framework; name = MapKit.framework; path = System/Library/Frameworks/MapKit.framework; sourceTree = SDKROOT; };
		B39D3CBB154FDC440018ED6F /* PhotoAnnotation.h */ = {isa = PBXFileReference; fileEncoding = 4; lastKnownFileType = sourcecode.c.h; path = PhotoAnnotation.h; sourceTree = "<group>"; };
		B39D3CBC154FDC440018ED6F /* PhotoAnnotation.m */ = {isa = PBXFileReference; fileEncoding = 4; lastKnownFileType = sourcecode.c.objc; path = PhotoAnnotation.m; sourceTree = "<group>"; };
		B39D3CBE154FDEFD0018ED6F /* PlaceAnnotation.h */ = {isa = PBXFileReference; fileEncoding = 4; lastKnownFileType = sourcecode.c.h; path = PlaceAnnotation.h; sourceTree = "<group>"; };
		B39D3CBF154FDEFD0018ED6F /* PlaceAnnotation.m */ = {isa = PBXFileReference; fileEncoding = 4; lastKnownFileType = sourcecode.c.objc; path = PlaceAnnotation.m; sourceTree = "<group>"; };
		B3C2EA6F1549A1DB002F234A /* GeneralTableViewController+SubClass.h */ = {isa = PBXFileReference; fileEncoding = 4; lastKnownFileType = sourcecode.c.h; path = "GeneralTableViewController+SubClass.h"; sourceTree = "<group>"; };
		B3DFF1BD1557A01A006D8247 /* Model.xcdatamodel */ = {isa = PBXFileReference; lastKnownFileType = wrapper.xcdatamodel; path = Model.xcdatamodel; sourceTree = "<group>"; };
		B3DFF1C01557A03B006D8247 /* CoreDataTableViewController.h */ = {isa = PBXFileReference; lastKnownFileType = sourcecode.c.h; path = CoreDataTableViewController.h; sourceTree = "<group>"; };
		B3DFF1C11557A03B006D8247 /* CoreDataTableViewController.m */ = {isa = PBXFileReference; lastKnownFileType = sourcecode.c.objc; path = CoreDataTableViewController.m; sourceTree = "<group>"; };
		B3DFF1E4155809CE006D8247 /* Place+Create.h */ = {isa = PBXFileReference; fileEncoding = 4; lastKnownFileType = sourcecode.c.h; path = "Place+Create.h"; sourceTree = "<group>"; };
		B3DFF1E5155809CE006D8247 /* Place+Create.m */ = {isa = PBXFileReference; fileEncoding = 4; lastKnownFileType = sourcecode.c.objc; path = "Place+Create.m"; sourceTree = "<group>"; };
		B3DFF1E715580CF5006D8247 /* VacationHelper.h */ = {isa = PBXFileReference; fileEncoding = 4; lastKnownFileType = sourcecode.c.h; path = VacationHelper.h; sourceTree = "<group>"; };
		B3DFF1E815580CF5006D8247 /* VacationHelper.m */ = {isa = PBXFileReference; fileEncoding = 4; lastKnownFileType = sourcecode.c.objc; path = VacationHelper.m; sourceTree = "<group>"; };
		B3DFF1EA155816BC006D8247 /* CoreData.framework */ = {isa = PBXFileReference; lastKnownFileType = wrapper.framework; name = CoreData.framework; path = System/Library/Frameworks/CoreData.framework; sourceTree = SDKROOT; };
		B3DFF1EC15582048006D8247 /* Photo+Flickr.h */ = {isa = PBXFileReference; fileEncoding = 4; lastKnownFileType = sourcecode.c.h; path = "Photo+Flickr.h"; sourceTree = "<group>"; };
		B3DFF1ED15582048006D8247 /* Photo+Flickr.m */ = {isa = PBXFileReference; fileEncoding = 4; lastKnownFileType = sourcecode.c.objc; path = "Photo+Flickr.m"; sourceTree = "<group>"; };
		B3DFF1EF155823D4006D8247 /* Tag+Create.h */ = {isa = PBXFileReference; fileEncoding = 4; lastKnownFileType = sourcecode.c.h; path = "Tag+Create.h"; sourceTree = "<group>"; };
		B3DFF1F0155823D5006D8247 /* Tag+Create.m */ = {isa = PBXFileReference; fileEncoding = 4; lastKnownFileType = sourcecode.c.objc; path = "Tag+Create.m"; sourceTree = "<group>"; };
		B3DFF20415582C89006D8247 /* VacationsTableViewController.h */ = {isa = PBXFileReference; fileEncoding = 4; lastKnownFileType = sourcecode.c.h; path = VacationsTableViewController.h; sourceTree = "<group>"; };
		B3DFF20515582C89006D8247 /* VacationsTableViewController.m */ = {isa = PBXFileReference; fileEncoding = 4; lastKnownFileType = sourcecode.c.objc; path = VacationsTableViewController.m; sourceTree = "<group>"; };
		B3DFF20F155961C2006D8247 /* VacationPlaceTableViewController.m */ = {isa = PBXFileReference; lastKnownFileType = sourcecode.c.objc; path = VacationPlaceTableViewController.m; sourceTree = "<group>"; };
		B3DFF210155961C2006D8247 /* VacationPlaceTableViewController.h */ = {isa = PBXFileReference; lastKnownFileType = sourcecode.c.h; path = VacationPlaceTableViewController.h; sourceTree = "<group>"; };
		B3EC38741560A3610040EDA2 /* Vacation.h */ = {isa = PBXFileReference; fileEncoding = 4; lastKnownFileType = sourcecode.c.h; path = Vacation.h; sourceTree = "<group>"; };
		B3EC38751560A3610040EDA2 /* Vacation.m */ = {isa = PBXFileReference; fileEncoding = 4; lastKnownFileType = sourcecode.c.objc; path = Vacation.m; sourceTree = "<group>"; };
		B3EC38781560A3610040EDA2 /* Photo.h */ = {isa = PBXFileReference; fileEncoding = 4; lastKnownFileType = sourcecode.c.h; path = Photo.h; sourceTree = "<group>"; };
		B3EC38791560A3610040EDA2 /* Photo.m */ = {isa = PBXFileReference; fileEncoding = 4; lastKnownFileType = sourcecode.c.objc; path = Photo.m; sourceTree = "<group>"; };
		B3EC387B1560A3610040EDA2 /* Place.h */ = {isa = PBXFileReference; fileEncoding = 4; lastKnownFileType = sourcecode.c.h; path = Place.h; sourceTree = "<group>"; };
		B3EC387C1560A3610040EDA2 /* Place.m */ = {isa = PBXFileReference; fileEncoding = 4; lastKnownFileType = sourcecode.c.objc; path = Place.m; sourceTree = "<group>"; };
		B3EC387E1560A3610040EDA2 /* Tag.h */ = {isa = PBXFileReference; fileEncoding = 4; lastKnownFileType = sourcecode.c.h; path = Tag.h; sourceTree = "<group>"; };
		B3EC387F1560A3610040EDA2 /* Tag.m */ = {isa = PBXFileReference; fileEncoding = 4; lastKnownFileType = sourcecode.c.objc; path = Tag.m; sourceTree = "<group>"; };
		B3F1B71D154DA424000FC635 /* PhotoAtPlaceTableViewController.h */ = {isa = PBXFileReference; fileEncoding = 4; lastKnownFileType = sourcecode.c.h; path = PhotoAtPlaceTableViewController.h; sourceTree = "<group>"; };
		B3F1B71E154DA424000FC635 /* PhotoAtPlaceTableViewController.m */ = {isa = PBXFileReference; fileEncoding = 4; lastKnownFileType = sourcecode.c.objc; path = PhotoAtPlaceTableViewController.m; sourceTree = "<group>"; };
		B3F1B72A154EEE07000FC635 /* PhotoCache.h */ = {isa = PBXFileReference; fileEncoding = 4; lastKnownFileType = sourcecode.c.h; path = PhotoCache.h; sourceTree = "<group>"; };
		B3F1B72B154EEE07000FC635 /* PhotoCache.m */ = {isa = PBXFileReference; fileEncoding = 4; lastKnownFileType = sourcecode.c.objc; path = PhotoCache.m; sourceTree = "<group>"; };
/* End PBXFileReference section */

/* Begin PBXFrameworksBuildPhase section */
		B30D0A2D153970AB00431D7A /* Frameworks */ = {
			isa = PBXFrameworksBuildPhase;
			buildActionMask = 2147483647;
			files = (
				B3DFF1EB155816BC006D8247 /* CoreData.framework in Frameworks */,
				B39D3CB3154FAA820018ED6F /* MapKit.framework in Frameworks */,
				B39D3CB1154FAA7B0018ED6F /* CoreLocation.framework in Frameworks */,
				B30D0A35153970AB00431D7A /* UIKit.framework in Frameworks */,
				B30D0A37153970AB00431D7A /* Foundation.framework in Frameworks */,
				B30D0A39153970AB00431D7A /* CoreGraphics.framework in Frameworks */,
			);
			runOnlyForDeploymentPostprocessing = 0;
		};
/* End PBXFrameworksBuildPhase section */

/* Begin PBXGroup section */
		B30D0A25153970AB00431D7A = {
			isa = PBXGroup;
			children = (
				B30D0A90153978BC00431D7A /* FlickrFetcher */,
				B30D0A3A153970AB00431D7A /* FlickrBrowser */,
				B30D0A33153970AB00431D7A /* Frameworks */,
				B30D0A31153970AB00431D7A /* Products */,
			);
			sourceTree = "<group>";
		};
		B30D0A31153970AB00431D7A /* Products */ = {
			isa = PBXGroup;
			children = (
				B30D0A30153970AB00431D7A /* FlickrBrowser.app */,
			);
			name = Products;
			sourceTree = "<group>";
		};
		B30D0A33153970AB00431D7A /* Frameworks */ = {
			isa = PBXGroup;
			children = (
				B3DFF1EA155816BC006D8247 /* CoreData.framework */,
				B39D3CB2154FAA820018ED6F /* MapKit.framework */,
				B39D3CB0154FAA7B0018ED6F /* CoreLocation.framework */,
				B30D0A34153970AB00431D7A /* UIKit.framework */,
				B30D0A36153970AB00431D7A /* Foundation.framework */,
				B30D0A38153970AB00431D7A /* CoreGraphics.framework */,
			);
			name = Frameworks;
			sourceTree = "<group>";
		};
		B30D0A3A153970AB00431D7A /* FlickrBrowser */ = {
			isa = PBXGroup;
			children = (
				B3DFF1C81557A0D1006D8247 /* Data Model */,
				B3DFF1C71557A0BA006D8247 /* CoreData Table */,
				B39D3CC2154FDF310018ED6F /* Photo */,
				B39D3CC1154FDF0A0018ED6F /* Map */,
				B3F1B72D154EEE13000FC635 /* Normal Table */,
				B38626E4154444F90075E4EA /* Storyboards */,
				B38626E5154445040075E4EA /* img */,
				B30D0A3B153970AB00431D7A /* Supporting Files */,
			);
			path = FlickrBrowser;
			sourceTree = "<group>";
		};
		B30D0A3B153970AB00431D7A /* Supporting Files */ = {
			isa = PBXGroup;
			children = (
				B30D0A3C153970AB00431D7A /* FlickrBrowser-Info.plist */,
				B30D0A43153970AB00431D7A /* FlickrBrowserAppDelegate.h */,
				B30D0A44153970AB00431D7A /* FlickrBrowserAppDelegate.m */,
				B30D0A3D153970AB00431D7A /* InfoPlist.strings */,
				B30D0A40153970AB00431D7A /* main.m */,
				B30D0A42153970AB00431D7A /* FlickrBrowser-Prefix.pch */,
			);
			name = "Supporting Files";
			sourceTree = "<group>";
		};
		B30D0A90153978BC00431D7A /* FlickrFetcher */ = {
			isa = PBXGroup;
			children = (
				B30D0A91153978BC00431D7A /* FlickrAPIKey.h */,
				B30D0A92153978BC00431D7A /* FlickrFetcher.h */,
				B30D0A93153978BC00431D7A /* FlickrFetcher.m */,
			);
			path = FlickrFetcher;
			sourceTree = "<group>";
		};
		B38626E4154444F90075E4EA /* Storyboards */ = {
			isa = PBXGroup;
			children = (
				B30D0A46153970AB00431D7A /* MainStoryboard_iPhone.storyboard */,
				B30D0A49153970AB00431D7A /* MainStoryboard_iPad.storyboard */,
			);
			name = Storyboards;
			sourceTree = "<group>";
		};
		B38626E5154445040075E4EA /* img */ = {
			isa = PBXGroup;
			children = (
				B30D0A56153970AB00431D7A /* square.png */,
				B30D0A58153970AB00431D7A /* square@2x.png */,
			);
			name = img;
			sourceTree = "<group>";
		};
		B39D3CC1154FDF0A0018ED6F /* Map */ = {
			isa = PBXGroup;
			children = (
				B39D3CAC154FA0BE0018ED6F /* MapViewController.h */,
				B39D3CAD154FA0BE0018ED6F /* MapViewController.m */,
				B39D3CBB154FDC440018ED6F /* PhotoAnnotation.h */,
				B39D3CBC154FDC440018ED6F /* PhotoAnnotation.m */,
				B39D3CBE154FDEFD0018ED6F /* PlaceAnnotation.h */,
				B39D3CBF154FDEFD0018ED6F /* PlaceAnnotation.m */,
			);
			name = Map;
			sourceTree = "<group>";
		};
		B39D3CC2154FDF310018ED6F /* Photo */ = {
			isa = PBXGroup;
			children = (
				B343A3451539D04100BBFC98 /* PhotoViewController.h */,
				B343A3461539D04100BBFC98 /* PhotoViewController.m */,
				B3F1B72A154EEE07000FC635 /* PhotoCache.h */,
				B3F1B72B154EEE07000FC635 /* PhotoCache.m */,
			);
			name = Photo;
			sourceTree = "<group>";
		};
		B3DFF1C71557A0BA006D8247 /* CoreData Table */ = {
			isa = PBXGroup;
			children = (
				B3DFF1C01557A03B006D8247 /* CoreDataTableViewController.h */,
				B3DFF1C11557A03B006D8247 /* CoreDataTableViewController.m */,
				B3DFF210155961C2006D8247 /* VacationPlaceTableViewController.h */,
				B3DFF20F155961C2006D8247 /* VacationPlaceTableViewController.m */,
				B3739B6D15596EA500665165 /* VacationPhotoTableViewController.h */,
				B3739B6E15596EA500665165 /* VacationPhotoTableViewController.m */,
				B3739B8B155977AF00665165 /* VacationTagTableViewController.h */,
				B3739B8C155977AF00665165 /* VacationTagTableViewController.m */,
			);
			name = "CoreData Table";
			sourceTree = "<group>";
		};
		B3DFF1C81557A0D1006D8247 /* Data Model */ = {
			isa = PBXGroup;
			children = (
				B3DFF1E715580CF5006D8247 /* VacationHelper.h */,
				B3DFF1E815580CF5006D8247 /* VacationHelper.m */,
				B3DFF1E4155809CE006D8247 /* Place+Create.h */,
				B3DFF1E5155809CE006D8247 /* Place+Create.m */,
				B3739B7C155971E100665165 /* Vacation+Create.h */,
				B3739B7D155971E100665165 /* Vacation+Create.m */,
				B3DFF1EC15582048006D8247 /* Photo+Flickr.h */,
				B3DFF1ED15582048006D8247 /* Photo+Flickr.m */,
				B3DFF1EF155823D4006D8247 /* Tag+Create.h */,
				B3DFF1F0155823D5006D8247 /* Tag+Create.m */,
				B3DFF1BC1557A01A006D8247 /* Model.xcdatamodeld */,
				B3EC387E1560A3610040EDA2 /* Tag.h */,
				B3EC387F1560A3610040EDA2 /* Tag.m */,
				B3EC387B1560A3610040EDA2 /* Place.h */,
				B3EC387C1560A3610040EDA2 /* Place.m */,
				B3EC38781560A3610040EDA2 /* Photo.h */,
				B3EC38791560A3610040EDA2 /* Photo.m */,
				B3EC38741560A3610040EDA2 /* Vacation.h */,
				B3EC38751560A3610040EDA2 /* Vacation.m */,
			);
			name = "Data Model";
			sourceTree = "<group>";
		};
		B3F1B72D154EEE13000FC635 /* Normal Table */ = {
			isa = PBXGroup;
			children = (
				B3739B67155963C100665165 /* VacationStaticTableViewController.h */,
				B3739B68155963C100665165 /* VacationStaticTableViewController.m */,
				B3DFF20415582C89006D8247 /* VacationsTableViewController.h */,
				B3DFF20515582C89006D8247 /* VacationsTableViewController.m */,
				B3C2EA6F1549A1DB002F234A /* GeneralTableViewController+SubClass.h */,
				B343A3331539BEC900BBFC98 /* GeneralTableViewController.h */,
				B343A3341539BEC900BBFC98 /* GeneralTableViewController.m */,
				B30D0AA41539B3C300431D7A /* PhotoTableViewController.h */,
				B30D0AA51539B3C300431D7A /* PhotoTableViewController.m */,
				B3F1B71D154DA424000FC635 /* PhotoAtPlaceTableViewController.h */,
				B3F1B71E154DA424000FC635 /* PhotoAtPlaceTableViewController.m */,
				B30D0A53153970AB00431D7A /* RecentsTableViewController.h */,
				B30D0A54153970AB00431D7A /* RecentsTableViewController.m */,
				B30D0AA11539A4DB00431D7A /* PlaceTableViewController.h */,
				B30D0AA21539A4DB00431D7A /* PlaceTableViewController.m */,
			);
			name = "Normal Table";
			sourceTree = "<group>";
		};
/* End PBXGroup section */

/* Begin PBXNativeTarget section */
		B30D0A2F153970AB00431D7A /* FlickrBrowser */ = {
			isa = PBXNativeTarget;
			buildConfigurationList = B30D0A5C153970AB00431D7A /* Build configuration list for PBXNativeTarget "FlickrBrowser" */;
			buildPhases = (
				B30D0A2C153970AB00431D7A /* Sources */,
				B30D0A2D153970AB00431D7A /* Frameworks */,
				B30D0A2E153970AB00431D7A /* Resources */,
			);
			buildRules = (
			);
			dependencies = (
			);
			name = FlickrBrowser;
			productName = FlickrBrowser;
			productReference = B30D0A30153970AB00431D7A /* FlickrBrowser.app */;
			productType = "com.apple.product-type.application";
		};
/* End PBXNativeTarget section */

/* Begin PBXProject section */
		B30D0A27153970AB00431D7A /* Project object */ = {
			isa = PBXProject;
			attributes = {
				CLASSPREFIX = FlickrBrowser;
				LastUpgradeCheck = 0430;
			};
			buildConfigurationList = B30D0A2A153970AB00431D7A /* Build configuration list for PBXProject "FlickrBrowser" */;
			compatibilityVersion = "Xcode 3.2";
			developmentRegion = English;
			hasScannedForEncodings = 0;
			knownRegions = (
				en,
			);
			mainGroup = B30D0A25153970AB00431D7A;
			productRefGroup = B30D0A31153970AB00431D7A /* Products */;
			projectDirPath = "";
			projectRoot = "";
			targets = (
				B30D0A2F153970AB00431D7A /* FlickrBrowser */,
			);
		};
/* End PBXProject section */

/* Begin PBXResourcesBuildPhase section */
		B30D0A2E153970AB00431D7A /* Resources */ = {
			isa = PBXResourcesBuildPhase;
			buildActionMask = 2147483647;
			files = (
				B30D0A3F153970AB00431D7A /* InfoPlist.strings in Resources */,
				B30D0A48153970AB00431D7A /* MainStoryboard_iPhone.storyboard in Resources */,
				B30D0A4B153970AB00431D7A /* MainStoryboard_iPad.storyboard in Resources */,
				B30D0A57153970AB00431D7A /* square.png in Resources */,
				B30D0A59153970AB00431D7A /* square@2x.png in Resources */,
			);
			runOnlyForDeploymentPostprocessing = 0;
		};
/* End PBXResourcesBuildPhase section */

/* Begin PBXSourcesBuildPhase section */
		B30D0A2C153970AB00431D7A /* Sources */ = {
			isa = PBXSourcesBuildPhase;
			buildActionMask = 2147483647;
			files = (
				B30D0A41153970AB00431D7A /* main.m in Sources */,
				B30D0A45153970AB00431D7A /* FlickrBrowserAppDelegate.m in Sources */,
				B30D0A55153970AB00431D7A /* RecentsTableViewController.m in Sources */,
				B30D0A94153978BC00431D7A /* FlickrFetcher.m in Sources */,
				B30D0AA31539A4DB00431D7A /* PlaceTableViewController.m in Sources */,
				B30D0AA61539B3C300431D7A /* PhotoTableViewController.m in Sources */,
				B343A3351539BEC900BBFC98 /* GeneralTableViewController.m in Sources */,
				B343A3471539D04100BBFC98 /* PhotoViewController.m in Sources */,
				B3F1B71F154DA424000FC635 /* PhotoAtPlaceTableViewController.m in Sources */,
				B3F1B72C154EEE07000FC635 /* PhotoCache.m in Sources */,
				B39D3CAE154FA0BE0018ED6F /* MapViewController.m in Sources */,
				B39D3CBD154FDC440018ED6F /* PhotoAnnotation.m in Sources */,
				B39D3CC0154FDEFE0018ED6F /* PlaceAnnotation.m in Sources */,
				B3DFF1BE1557A01A006D8247 /* Model.xcdatamodeld in Sources */,
				B3DFF1E6155809CE006D8247 /* Place+Create.m in Sources */,
				B3DFF1E915580CF5006D8247 /* VacationHelper.m in Sources */,
				B3DFF1EE15582048006D8247 /* Photo+Flickr.m in Sources */,
				B3DFF1F1155823D5006D8247 /* Tag+Create.m in Sources */,
				B3DFF20615582C89006D8247 /* VacationsTableViewController.m in Sources */,
				B3739B69155963C100665165 /* VacationStaticTableViewController.m in Sources */,
				B3739B6C15596A3700665165 /* CoreDataTableViewController.m in Sources */,
				B3739B6B155969AD00665165 /* VacationPlaceTableViewController.m in Sources */,
				B3739B6F15596EA500665165 /* VacationPhotoTableViewController.m in Sources */,
				B3739B7E155971E100665165 /* Vacation+Create.m in Sources */,
				B3739B8D155977AF00665165 /* VacationTagTableViewController.m in Sources */,
				B3EC38761560A3610040EDA2 /* Vacation.m in Sources */,
				B3EC387A1560A3610040EDA2 /* Photo.m in Sources */,
				B3EC387D1560A3610040EDA2 /* Place.m in Sources */,
				B3EC38801560A3610040EDA2 /* Tag.m in Sources */,
			);
			runOnlyForDeploymentPostprocessing = 0;
		};
/* End PBXSourcesBuildPhase section */

/* Begin PBXVariantGroup section */
		B30D0A3D153970AB00431D7A /* InfoPlist.strings */ = {
			isa = PBXVariantGroup;
			children = (
				B30D0A3E153970AB00431D7A /* en */,
			);
			name = InfoPlist.strings;
			sourceTree = "<group>";
		};
		B30D0A46153970AB00431D7A /* MainStoryboard_iPhone.storyboard */ = {
			isa = PBXVariantGroup;
			children = (
				B30D0A47153970AB00431D7A /* en */,
			);
			name = MainStoryboard_iPhone.storyboard;
			sourceTree = "<group>";
		};
		B30D0A49153970AB00431D7A /* MainStoryboard_iPad.storyboard */ = {
			isa = PBXVariantGroup;
			children = (
				B30D0A4A153970AB00431D7A /* en */,
			);
			name = MainStoryboard_iPad.storyboard;
			sourceTree = "<group>";
		};
/* End PBXVariantGroup section */

/* Begin XCBuildConfiguration section */
		B30D0A5A153970AB00431D7A /* Debug */ = {
			isa = XCBuildConfiguration;
			buildSettings = {
				ALWAYS_SEARCH_USER_PATHS = NO;
				ARCHS = "$(ARCHS_STANDARD_32_BIT)";
				CLANG_ENABLE_OBJC_ARC = YES;
				"CODE_SIGN_IDENTITY[sdk=iphoneos*]" = "iPhone Developer";
				COPY_PHASE_STRIP = NO;
				GCC_C_LANGUAGE_STANDARD = gnu99;
				GCC_DYNAMIC_NO_PIC = NO;
				GCC_OPTIMIZATION_LEVEL = 0;
				GCC_PREPROCESSOR_DEFINITIONS = (
					"DEBUG=1",
					"$(inherited)",
				);
				GCC_SYMBOLS_PRIVATE_EXTERN = NO;
				GCC_VERSION = com.apple.compilers.llvm.clang.1_0;
				GCC_WARN_ABOUT_RETURN_TYPE = YES;
				GCC_WARN_UNINITIALIZED_AUTOS = YES;
				GCC_WARN_UNUSED_VARIABLE = YES;
				IPHONEOS_DEPLOYMENT_TARGET = 5.1;
				SDKROOT = iphoneos;
				TARGETED_DEVICE_FAMILY = "1,2";
			};
			name = Debug;
		};
		B30D0A5B153970AB00431D7A /* Release */ = {
			isa = XCBuildConfiguration;
			buildSettings = {
				ALWAYS_SEARCH_USER_PATHS = NO;
				ARCHS = "$(ARCHS_STANDARD_32_BIT)";
				CLANG_ENABLE_OBJC_ARC = YES;
				"CODE_SIGN_IDENTITY[sdk=iphoneos*]" = "iPhone Developer";
				COPY_PHASE_STRIP = YES;
				GCC_C_LANGUAGE_STANDARD = gnu99;
				GCC_VERSION = com.apple.compilers.llvm.clang.1_0;
				GCC_WARN_ABOUT_RETURN_TYPE = YES;
				GCC_WARN_UNINITIALIZED_AUTOS = YES;
				GCC_WARN_UNUSED_VARIABLE = YES;
				IPHONEOS_DEPLOYMENT_TARGET = 5.1;
				OTHER_CFLAGS = "-DNS_BLOCK_ASSERTIONS=1";
				SDKROOT = iphoneos;
				TARGETED_DEVICE_FAMILY = "1,2";
				VALIDATE_PRODUCT = YES;
			};
			name = Release;
		};
		B30D0A5D153970AB00431D7A /* Debug */ = {
			isa = XCBuildConfiguration;
			buildSettings = {
				GCC_PRECOMPILE_PREFIX_HEADER = YES;
				GCC_PREFIX_HEADER = "FlickrBrowser/FlickrBrowser-Prefix.pch";
				INFOPLIST_FILE = "FlickrBrowser/FlickrBrowser-Info.plist";
				PRODUCT_NAME = "$(TARGET_NAME)";
				WRAPPER_EXTENSION = app;
			};
			name = Debug;
		};
		B30D0A5E153970AB00431D7A /* Release */ = {
			isa = XCBuildConfiguration;
			buildSettings = {
				GCC_PRECOMPILE_PREFIX_HEADER = YES;
				GCC_PREFIX_HEADER = "FlickrBrowser/FlickrBrowser-Prefix.pch";
				INFOPLIST_FILE = "FlickrBrowser/FlickrBrowser-Info.plist";
				PRODUCT_NAME = "$(TARGET_NAME)";
				WRAPPER_EXTENSION = app;
			};
			name = Release;
		};
/* End XCBuildConfiguration section */

/* Begin XCConfigurationList section */
		B30D0A2A153970AB00431D7A /* Build configuration list for PBXProject "FlickrBrowser" */ = {
			isa = XCConfigurationList;
			buildConfigurations = (
				B30D0A5A153970AB00431D7A /* Debug */,
				B30D0A5B153970AB00431D7A /* Release */,
			);
			defaultConfigurationIsVisible = 0;
			defaultConfigurationName = Release;
		};
		B30D0A5C153970AB00431D7A /* Build configuration list for PBXNativeTarget "FlickrBrowser" */ = {
			isa = XCConfigurationList;
			buildConfigurations = (
				B30D0A5D153970AB00431D7A /* Debug */,
				B30D0A5E153970AB00431D7A /* Release */,
			);
			defaultConfigurationIsVisible = 0;
			defaultConfigurationName = Release;
		};
/* End XCConfigurationList section */

/* Begin XCVersionGroup section */
		B3DFF1BC1557A01A006D8247 /* Model.xcdatamodeld */ = {
			isa = XCVersionGroup;
			children = (
				B3DFF1BD1557A01A006D8247 /* Model.xcdatamodel */,
			);
			currentVersion = B3DFF1BD1557A01A006D8247 /* Model.xcdatamodel */;
			path = Model.xcdatamodeld;
			sourceTree = "<group>";
			versionGroupType = wrapper.xcdatamodel;
		};
/* End XCVersionGroup section */
	};
	rootObject = B30D0A27153970AB00431D7A /* Project object */;
}
